
Microsoft Visual Studio Solution File, Format Version 12.00
# Visual Studio Version 16
VisualStudioVersion = 16.0.31112.23
MinimumVisualStudioVersion = 10.0.40219.1
Project("{FAE04EC0-301F-11D3-BF4B-00C04F79EFBC}") = "Proje.Web", "Proje.Web\Proje.Web.csproj", "{56381964-2F69-4975-A08E-4D00F0768EDD}"
EndProject
Project("{FAE04EC0-301F-11D3-BF4B-00C04F79EFBC}") = "Proje.DataAccess", "Proje.DataAccess\Proje.DataAccess.csproj", "{42582DF5-1E32-4788-AADC-1C4D22054B04}"
EndProject
Project("{FAE04EC0-301F-11D3-BF4B-00C04F79EFBC}") = "Proje.Business", "Proje.Business\Proje.Business.csproj", "{76E8ED57-CF0D-4BC9-88EF-30EEA361880D}"
EndProject
Global
	GlobalSection(SolutionConfigurationPlatforms) = preSolution
		Debug|Any CPU = Debug|Any CPU
		Release|Any CPU = Release|Any CPU
	EndGlobalSection
	GlobalSection(ProjectConfigurationPlatforms) = postSolution
		{56381964-2F69-4975-A08E-4D00F0768EDD}.Debug|Any CPU.ActiveCfg = Debug|Any CPU
		{56381964-2F69-4975-A08E-4D00F0768EDD}.Debug|Any CPU.Build.0 = Debug|Any CPU
		{56381964-2F69-4975-A08E-4D00F0768EDD}.Release|Any CPU.ActiveCfg = Release|Any CPU
		{56381964-2F69-4975-A08E-4D00F0768EDD}.Release|Any CPU.Build.0 = Release|Any CPU
		{42582DF5-1E32-4788-AADC-1C4D22054B04}.Debug|Any CPU.ActiveCfg = Debug|Any CPU
		{42582DF5-1E32-4788-AADC-1C4D22054B04}.Debug|Any CPU.Build.0 = Debug|Any CPU
		{42582DF5-1E32-4788-AADC-1C4D22054B04}.Release|Any CPU.ActiveCfg = Release|Any CPU
		{42582DF5-1E32-4788-AADC-1C4D22054B04}.Release|Any CPU.Build.0 = Release|Any CPU
		{76E8ED57-CF0D-4BC9-88EF-30EEA361880D}.Debug|Any CPU.ActiveCfg = Debug|Any CPU
		{76E8ED57-CF0D-4BC9-88EF-30EEA361880D}.Debug|Any CPU.Build.0 = Debug|Any CPU
		{76E8ED57-CF0D-4BC9-88EF-30EEA361880D}.Release|Any CPU.ActiveCfg = Release|Any CPU
		{76E8ED57-CF0D-4BC9-88EF-30EEA361880D}.Release|Any CPU.Build.0 = Release|Any CPU
	EndGlobalSection
	GlobalSection(SolutionProperties) = preSolution
		HideSolutionNode = FALSE
	EndGlobalSection
	GlobalSection(ExtensibilityGlobals) = postSolution
		SolutionGuid = {056E9A98-8194-48AD-96AC-6AF07D6B56AB}
	EndGlobalSection
EndGlobal
